// !$*UTF8*$!
{
	archiveVersion = 1;
	classes = {
	};
	objectVersion = 46;
	objects = {

/* Begin PBXBuildFile section */
		8DEDCBBE1DE3CCF000742AF7 /* main.m in Sources */ = {isa = PBXBuildFile; fileRef = 8DEDCBBD1DE3CCF000742AF7 /* main.m */; };
		8DEDCBC11DE3CCF000742AF7 /* AppDelegate.m in Sources */ = {isa = PBXBuildFile; fileRef = 8DEDCBC01DE3CCF000742AF7 /* AppDelegate.m */; };
		8DEDCBC41DE3CCF000742AF7 /* ViewController.m in Sources */ = {isa = PBXBuildFile; fileRef = 8DEDCBC31DE3CCF000742AF7 /* ViewController.m */; };
		8DEDCBC71DE3CCF000742AF7 /* Main.storyboard in Resources */ = {isa = PBXBuildFile; fileRef = 8DEDCBC51DE3CCF000742AF7 /* Main.storyboard */; };
		8DEDCBC91DE3CCF000742AF7 /* Assets.xcassets in Resources */ = {isa = PBXBuildFile; fileRef = 8DEDCBC81DE3CCF000742AF7 /* Assets.xcassets */; };
		8DEDCBCC1DE3CCF000742AF7 /* LaunchScreen.storyboard in Resources */ = {isa = PBXBuildFile; fileRef = 8DEDCBCA1DE3CCF000742AF7 /* LaunchScreen.storyboard */; };
		8DEDCBD71DE3CCF000742AF7 /* __Tests.m in Sources */ = {isa = PBXBuildFile; fileRef = 8DEDCBD61DE3CCF000742AF7 /* __Tests.m */; };
		8DEDCBE21DE3CCF000742AF7 /* __UITests.m in Sources */ = {isa = PBXBuildFile; fileRef = 8DEDCBE11DE3CCF000742AF7 /* __UITests.m */; };
		8DEDCBF11DE3D24B00742AF7 /* XYApple.m in Sources */ = {isa = PBXBuildFile; fileRef = 8DEDCBF01DE3D24B00742AF7 /* XYApple.m */; };
/* End PBXBuildFile section */

/* Begin PBXContainerItemProxy section */
		8DEDCBD31DE3CCF000742AF7 /* PBXContainerItemProxy */ = {
			isa = PBXContainerItemProxy;
			containerPortal = 8DEDCBB11DE3CCF000742AF7 /* Project object */;
			proxyType = 1;
			remoteGlobalIDString = 8DEDCBB81DE3CCF000742AF7;
			remoteInfo = "归档";
		};
		8DEDCBDE1DE3CCF000742AF7 /* PBXContainerItemProxy */ = {
			isa = PBXContainerItemProxy;
			containerPortal = 8DEDCBB11DE3CCF000742AF7 /* Project object */;
			proxyType = 1;
			remoteGlobalIDString = 8DEDCBB81DE3CCF000742AF7;
			remoteInfo = "归档";
		};
/* End PBXContainerItemProxy section */

/* Begin PBXFileReference section */
		8DEDCBB91DE3CCF000742AF7 /* 归档.app */ = {isa = PBXFileReference; explicitFileType = wrapper.application; includeInIndex = 0; path = "归档.app"; sourceTree = BUILT_PRODUCTS_DIR; };
		8DEDCBBD1DE3CCF000742AF7 /* main.m */ = {isa = PBXFileReference; lastKnownFileType = sourcecode.c.objc; path = main.m; sourceTree = "<group>"; };
		8DEDCBBF1DE3CCF000742AF7 /* AppDelegate.h */ = {isa = PBXFileReference; lastKnownFileType = sourcecode.c.h; path = AppDelegate.h; sourceTree = "<group>"; };
		8DEDCBC01DE3CCF000742AF7 /* AppDelegate.m */ = {isa = PBXFileReference; lastKnownFileType = sourcecode.c.objc; path = AppDelegate.m; sourceTree = "<group>"; };
		8DEDCBC21DE3CCF000742AF7 /* ViewController.h */ = {isa = PBXFileReference; lastKnownFileType = sourcecode.c.h; path = ViewController.h; sourceTree = "<group>"; };
		8DEDCBC31DE3CCF000742AF7 /* ViewController.m */ = {isa = PBXFileReference; lastKnownFileType = sourcecode.c.objc; path = ViewController.m; sourceTree = "<group>"; };
		8DEDCBC61DE3CCF000742AF7 /* Base */ = {isa = PBXFileReference; lastKnownFileType = file.storyboard; name = Base; path = Base.lproj/Main.storyboard; sourceTree = "<group>"; };
		8DEDCBC81DE3CCF000742AF7 /* Assets.xcassets */ = {isa = PBXFileReference; lastKnownFileType = folder.assetcatalog; path = Assets.xcassets; sourceTree = "<group>"; };
		8DEDCBCB1DE3CCF000742AF7 /* Base */ = {isa = PBXFileReference; lastKnownFileType = file.storyboard; name = Base; path = Base.lproj/LaunchScreen.storyboard; sourceTree = "<group>"; };
		8DEDCBCD1DE3CCF000742AF7 /* Info.plist */ = {isa = PBXFileReference; lastKnownFileType = text.plist.xml; path = Info.plist; sourceTree = "<group>"; };
		8DEDCBD21DE3CCF000742AF7 /* 归档Tests.xctest */ = {isa = PBXFileReference; explicitFileType = wrapper.cfbundle; includeInIndex = 0; path = "归档Tests.xctest"; sourceTree = BUILT_PRODUCTS_DIR; };
		8DEDCBD61DE3CCF000742AF7 /* __Tests.m */ = {isa = PBXFileReference; lastKnownFileType = sourcecode.c.objc; path = __Tests.m; sourceTree = "<group>"; };
		8DEDCBD81DE3CCF000742AF7 /* Info.plist */ = {isa = PBXFileReference; lastKnownFileType = text.plist.xml; path = Info.plist; sourceTree = "<group>"; };
		8DEDCBDD1DE3CCF000742AF7 /* 归档UITests.xctest */ = {isa = PBXFileReference; explicitFileType = wrapper.cfbundle; includeInIndex = 0; path = "归档UITests.xctest"; sourceTree = BUILT_PRODUCTS_DIR; };
		8DEDCBE11DE3CCF000742AF7 /* __UITests.m */ = {isa = PBXFileReference; lastKnownFileType = sourcecode.c.objc; path = __UITests.m; sourceTree = "<group>"; };
		8DEDCBE31DE3CCF000742AF7 /* Info.plist */ = {isa = PBXFileReference; lastKnownFileType = text.plist.xml; path = Info.plist; sourceTree = "<group>"; };
		8DEDCBEF1DE3D24B00742AF7 /* XYApple.h */ = {isa = PBXFileReference; fileEncoding = 4; lastKnownFileType = sourcecode.c.h; path = XYApple.h; sourceTree = "<group>"; };
		8DEDCBF01DE3D24B00742AF7 /* XYApple.m */ = {isa = PBXFileReference; fileEncoding = 4; lastKnownFileType = sourcecode.c.objc; path = XYApple.m; sourceTree = "<group>"; };
/* End PBXFileReference section */

/* Begin PBXFrameworksBuildPhase section */
		8DEDCBB61DE3CCF000742AF7 /* Frameworks */ = {
			isa = PBXFrameworksBuildPhase;
			buildActionMask = 2147483647;
			files = (
			);
			runOnlyForDeploymentPostprocessing = 0;
		};
		8DEDCBCF1DE3CCF000742AF7 /* Frameworks */ = {
			isa = PBXFrameworksBuildPhase;
			buildActionMask = 2147483647;
			files = (
			);
			runOnlyForDeploymentPostprocessing = 0;
		};
		8DEDCBDA1DE3CCF000742AF7 /* Frameworks */ = {
			isa = PBXFrameworksBuildPhase;
			buildActionMask = 2147483647;
			files = (
			);
			runOnlyForDeploymentPostprocessing = 0;
		};
/* End PBXFrameworksBuildPhase section */

/* Begin PBXGroup section */
		8DEDCBB01DE3CCF000742AF7 = {
			isa = PBXGroup;
			children = (
				8DEDCBBB1DE3CCF000742AF7 /* 归档 */,
				8DEDCBD51DE3CCF000742AF7 /* 归档Tests */,
				8DEDCBE01DE3CCF000742AF7 /* 归档UITests */,
				8DEDCBBA1DE3CCF000742AF7 /* Products */,
			);
			sourceTree = "<group>";
		};
		8DEDCBBA1DE3CCF000742AF7 /* Products */ = {
			isa = PBXGroup;
			children = (
				8DEDCBB91DE3CCF000742AF7 /* 归档.app */,
				8DEDCBD21DE3CCF000742AF7 /* 归档Tests.xctest */,
				8DEDCBDD1DE3CCF000742AF7 /* 归档UITests.xctest */,
			);
			name = Products;
			sourceTree = "<group>";
		};
		8DEDCBBB1DE3CCF000742AF7 /* 归档 */ = {
			isa = PBXGroup;
			children = (
				8DEDCBBF1DE3CCF000742AF7 /* AppDelegate.h */,
				8DEDCBC01DE3CCF000742AF7 /* AppDelegate.m */,
				8DEDCBC21DE3CCF000742AF7 /* ViewController.h */,
				8DEDCBC31DE3CCF000742AF7 /* ViewController.m */,
				8DEDCBEF1DE3D24B00742AF7 /* XYApple.h */,
				8DEDCBF01DE3D24B00742AF7 /* XYApple.m */,
				8DEDCBC51DE3CCF000742AF7 /* Main.storyboard */,
				8DEDCBC81DE3CCF000742AF7 /* Assets.xcassets */,
				8DEDCBCA1DE3CCF000742AF7 /* LaunchScreen.storyboard */,
				8DEDCBCD1DE3CCF000742AF7 /* Info.plist */,
				8DEDCBBC1DE3CCF000742AF7 /* Supporting Files */,
			);
			path = "归档";
			sourceTree = "<group>";
		};
		8DEDCBBC1DE3CCF000742AF7 /* Supporting Files */ = {
			isa = PBXGroup;
			children = (
				8DEDCBBD1DE3CCF000742AF7 /* main.m */,
			);
			name = "Supporting Files";
			sourceTree = "<group>";
		};
		8DEDCBD51DE3CCF000742AF7 /* 归档Tests */ = {
			isa = PBXGroup;
			children = (
				8DEDCBD61DE3CCF000742AF7 /* __Tests.m */,
				8DEDCBD81DE3CCF000742AF7 /* Info.plist */,
			);
			path = "归档Tests";
			sourceTree = "<group>";
		};
		8DEDCBE01DE3CCF000742AF7 /* 归档UITests */ = {
			isa = PBXGroup;
			children = (
				8DEDCBE11DE3CCF000742AF7 /* __UITests.m */,
				8DEDCBE31DE3CCF000742AF7 /* Info.plist */,
			);
			path = "归档UITests";
			sourceTree = "<group>";
		};
/* End PBXGroup section */

/* Begin PBXNativeTarget section */
		8DEDCBB81DE3CCF000742AF7 /* 归档 */ = {
			isa = PBXNativeTarget;
			buildConfigurationList = 8DEDCBE61DE3CCF000742AF7 /* Build configuration list for PBXNativeTarget "归档" */;
			buildPhases = (
				8DEDCBB51DE3CCF000742AF7 /* Sources */,
				8DEDCBB61DE3CCF000742AF7 /* Frameworks */,
				8DEDCBB71DE3CCF000742AF7 /* Resources */,
			);
			buildRules = (
			);
			dependencies = (
			);
			name = "归档";
			productName = "归档";
			productReference = 8DEDCBB91DE3CCF000742AF7 /* 归档.app */;
			productType = "com.apple.product-type.application";
		};
		8DEDCBD11DE3CCF000742AF7 /* 归档Tests */ = {
			isa = PBXNativeTarget;
			buildConfigurationList = 8DEDCBE91DE3CCF000742AF7 /* Build configuration list for PBXNativeTarget "归档Tests" */;
			buildPhases = (
				8DEDCBCE1DE3CCF000742AF7 /* Sources */,
				8DEDCBCF1DE3CCF000742AF7 /* Frameworks */,
				8DEDCBD01DE3CCF000742AF7 /* Resources */,
			);
			buildRules = (
			);
			dependencies = (
				8DEDCBD41DE3CCF000742AF7 /* PBXTargetDependency */,
			);
			name = "归档Tests";
			productName = "归档Tests";
			productReference = 8DEDCBD21DE3CCF000742AF7 /* 归档Tests.xctest */;
			productType = "com.apple.product-type.bundle.unit-test";
		};
		8DEDCBDC1DE3CCF000742AF7 /* 归档UITests */ = {
			isa = PBXNativeTarget;
			buildConfigurationList = 8DEDCBEC1DE3CCF000742AF7 /* Build configuration list for PBXNativeTarget "归档UITests" */;
			buildPhases = (
				8DEDCBD91DE3CCF000742AF7 /* Sources */,
				8DEDCBDA1DE3CCF000742AF7 /* Frameworks */,
				8DEDCBDB1DE3CCF000742AF7 /* Resources */,
			);
			buildRules = (
			);
			dependencies = (
				8DEDCBDF1DE3CCF000742AF7 /* PBXTargetDependency */,
			);
			name = "归档UITests";
			productName = "归档UITests";
			productReference = 8DEDCBDD1DE3CCF000742AF7 /* 归档UITests.xctest */;
			productType = "com.apple.product-type.bundle.ui-testing";
		};
/* End PBXNativeTarget section */

/* Begin PBXProject section */
		8DEDCBB11DE3CCF000742AF7 /* Project object */ = {
			isa = PBXProject;
			attributes = {
				LastUpgradeCheck = 0810;
				ORGANIZATIONNAME = peter;
				TargetAttributes = {
					8DEDCBB81DE3CCF000742AF7 = {
						CreatedOnToolsVersion = 8.1;
						ProvisioningStyle = Automatic;
					};
					8DEDCBD11DE3CCF000742AF7 = {
						CreatedOnToolsVersion = 8.1;
						ProvisioningStyle = Automatic;
						TestTargetID = 8DEDCBB81DE3CCF000742AF7;
					};
					8DEDCBDC1DE3CCF000742AF7 = {
						CreatedOnToolsVersion = 8.1;
						ProvisioningStyle = Automatic;
						TestTargetID = 8DEDCBB81DE3CCF000742AF7;
					};
				};
			};
			buildConfigurationList = 8DEDCBB41DE3CCF000742AF7 /* Build configuration list for PBXProject "归档" */;
			compatibilityVersion = "Xcode 3.2";
			developmentRegion = English;
			hasScannedForEncodings = 0;
			knownRegions = (
				en,
				Base,
			);
			mainGroup = 8DEDCBB01DE3CCF000742AF7;
			productRefGroup = 8DEDCBBA1DE3CCF000742AF7 /* Products */;
			projectDirPath = "";
			projectRoot = "";
			targets = (
				8DEDCBB81DE3CCF000742AF7 /* 归档 */,
				8DEDCBD11DE3CCF000742AF7 /* 归档Tests */,
				8DEDCBDC1DE3CCF000742AF7 /* 归档UITests */,
			);
		};
/* End PBXProject section */

/* Begin PBXResourcesBuildPhase section */
		8DEDCBB71DE3CCF000742AF7 /* Resources */ = {
			isa = PBXResourcesBuildPhase;
			buildActionMask = 2147483647;
			files = (
				8DEDCBCC1DE3CCF000742AF7 /* LaunchScreen.storyboard in Resources */,
				8DEDCBC91DE3CCF000742AF7 /* Assets.xcassets in Resources */,
				8DEDCBC71DE3CCF000742AF7 /* Main.storyboard in Resources */,
			);
			runOnlyForDeploymentPostprocessing = 0;
		};
		8DEDCBD01DE3CCF000742AF7 /* Resources */ = {
			isa = PBXResourcesBuildPhase;
			buildActionMask = 2147483647;
			files = (
			);
			runOnlyForDeploymentPostprocessing = 0;
		};
		8DEDCBDB1DE3CCF000742AF7 /* Resources */ = {
			isa = PBXResourcesBuildPhase;
			buildActionMask = 2147483647;
			files = (
			);
			runOnlyForDeploymentPostprocessing = 0;
		};
/* End PBXResourcesBuildPhase section */

/* Begin PBXSourcesBuildPhase section */
		8DEDCBB51DE3CCF000742AF7 /* Sources */ = {
			isa = PBXSourcesBuildPhase;
			buildActionMask = 2147483647;
			files = (
				8DEDCBC41DE3CCF000742AF7 /* ViewController.m in Sources */,
				8DEDCBC11DE3CCF000742AF7 /* AppDelegate.m in Sources */,
				8DEDCBBE1DE3CCF000742AF7 /* main.m in Sources */,
				8DEDCBF11DE3D24B00742AF7 /* XYApple.m in Sources */,
			);
			runOnlyForDeploymentPostprocessing = 0;
		};
		8DEDCBCE1DE3CCF000742AF7 /* Sources */ = {
			isa = PBXSourcesBuildPhase;
			buildActionMask = 2147483647;
			files = (
				8DEDCBD71DE3CCF000742AF7 /* __Tests.m in Sources */,
			);
			runOnlyForDeploymentPostprocessing = 0;
		};
		8DEDCBD91DE3CCF000742AF7 /* Sources */ = {
			isa = PBXSourcesBuildPhase;
			buildActionMask = 2147483647;
			files = (
				8DEDCBE21DE3CCF000742AF7 /* __UITests.m in Sources */,
			);
			runOnlyForDeploymentPostprocessing = 0;
		};
/* End PBXSourcesBuildPhase section */

/* Begin PBXTargetDependency section */
		8DEDCBD41DE3CCF000742AF7 /* PBXTargetDependency */ = {
			isa = PBXTargetDependency;
			target = 8DEDCBB81DE3CCF000742AF7 /* 归档 */;
			targetProxy = 8DEDCBD31DE3CCF000742AF7 /* PBXContainerItemProxy */;
		};
		8DEDCBDF1DE3CCF000742AF7 /* PBXTargetDependency */ = {
			isa = PBXTargetDependency;
			target = 8DEDCBB81DE3CCF000742AF7 /* 归档 */;
			targetProxy = 8DEDCBDE1DE3CCF000742AF7 /* PBXContainerItemProxy */;
		};
/* End PBXTargetDependency section */

/* Begin PBXVariantGroup section */
		8DEDCBC51DE3CCF000742AF7 /* Main.storyboard */ = {
			isa = PBXVariantGroup;
			children = (
				8DEDCBC61DE3CCF000742AF7 /* Base */,
			);
			name = Main.storyboard;
			sourceTree = "<group>";
		};
		8DEDCBCA1DE3CCF000742AF7 /* LaunchScreen.storyboard */ = {
			isa = PBXVariantGroup;
			children = (
				8DEDCBCB1DE3CCF000742AF7 /* Base */,
			);
			name = LaunchScreen.storyboard;
			sourceTree = "<group>";
		};
/* End PBXVariantGroup section */

/* Begin XCBuildConfiguration section */
		8DEDCBE41DE3CCF000742AF7 /* Debug */ = {
			isa = XCBuildConfiguration;
			buildSettings = {
				ALWAYS_SEARCH_USER_PATHS = NO;
				CLANG_ANALYZER_NONNULL = YES;
				CLANG_CXX_LANGUAGE_STANDARD = "gnu++0x";
				CLANG_CXX_LIBRARY = "libc++";
				CLANG_ENABLE_MODULES = YES;
				CLANG_ENABLE_OBJC_ARC = YES;
				CLANG_WARN_BOOL_CONVERSION = YES;
				CLANG_WARN_CONSTANT_CONVERSION = YES;
				CLANG_WARN_DIRECT_OBJC_ISA_USAGE = YES_ERROR;
				CLANG_WARN_DOCUMENTATION_COMMENTS = YES;
				CLANG_WARN_EMPTY_BODY = YES;
				CLANG_WARN_ENUM_CONVERSION = YES;
				CLANG_WARN_INFINITE_RECURSION = YES;
				CLANG_WARN_INT_CONVERSION = YES;
				CLANG_WARN_OBJC_ROOT_CLASS = YES_ERROR;
				CLANG_WARN_SUSPICIOUS_MOVES = YES;
				CLANG_WARN_UNREACHABLE_CODE = YES;
				CLANG_WARN__DUPLICATE_METHOD_MATCH = YES;
				"CODE_SIGN_IDENTITY[sdk=iphoneos*]" = "iPhone Developer";
				COPY_PHASE_STRIP = NO;
				DEBUG_INFORMATION_FORMAT = dwarf;
				ENABLE_STRICT_OBJC_MSGSEND = YES;
				ENABLE_TESTABILITY = YES;
				GCC_C_LANGUAGE_STANDARD = gnu99;
				GCC_DYNAMIC_NO_PIC = NO;
				GCC_NO_COMMON_BLOCKS = YES;
				GCC_OPTIMIZATION_LEVEL = 0;
				GCC_PREPROCESSOR_DEFINITIONS = (
					"DEBUG=1",
					"$(inherited)",
				);
				GCC_WARN_64_TO_32_BIT_CONVERSION = YES;
				GCC_WARN_ABOUT_RETURN_TYPE = YES_ERROR;
				GCC_WARN_UNDECLARED_SELECTOR = YES;
				GCC_WARN_UNINITIALIZED_AUTOS = YES_AGGRESSIVE;
				GCC_WARN_UNUSED_FUNCTION = YES;
				GCC_WARN_UNUSED_VARIABLE = YES;
				IPHONEOS_DEPLOYMENT_TARGET = 10.1;
				MTL_ENABLE_DEBUG_INFO = YES;
				ONLY_ACTIVE_ARCH = YES;
				SDKROOT = iphoneos;
			};
			name = Debug;
		};
		8DEDCBE51DE3CCF000742AF7 /* Release */ = {
			isa = XCBuildConfiguration;
			buildSettings = {
				ALWAYS_SEARCH_USER_PATHS = NO;
				CLANG_ANALYZER_NONNULL = YES;
				CLANG_CXX_LANGUAGE_STANDARD = "gnu++0x";
				CLANG_CXX_LIBRARY = "libc++";
				CLANG_ENABLE_MODULES = YES;
				CLANG_ENABLE_OBJC_ARC = YES;
				CLANG_WARN_BOOL_CONVERSION = YES;
				CLANG_WARN_CONSTANT_CONVERSION = YES;
				CLANG_WARN_DIRECT_OBJC_ISA_USAGE = YES_ERROR;
				CLANG_WARN_DOCUMENTATION_COMMENTS = YES;
				CLANG_WARN_EMPTY_BODY = YES;
				CLANG_WARN_ENUM_CONVERSION = YES;
				CLANG_WARN_INFINITE_RECURSION = YES;
				CLANG_WARN_INT_CONVERSION = YES;
				CLANG_WARN_OBJC_ROOT_CLASS = YES_ERROR;
				CLANG_WARN_SUSPICIOUS_MOVES = YES;
				CLANG_WARN_UNREACHABLE_CODE = YES;
				CLANG_WARN__DUPLICATE_METHOD_MATCH = YES;
				"CODE_SIGN_IDENTITY[sdk=iphoneos*]" = "iPhone Developer";
				COPY_PHASE_STRIP = NO;
				DEBUG_INFORMATION_FORMAT = "dwarf-with-dsym";
				ENABLE_NS_ASSERTIONS = NO;
				ENABLE_STRICT_OBJC_MSGSEND = YES;
				GCC_C_LANGUAGE_STANDARD = gnu99;
				GCC_NO_COMMON_BLOCKS = YES;
				GCC_WARN_64_TO_32_BIT_CONVERSION = YES;
				GCC_WARN_ABOUT_RETURN_TYPE = YES_ERROR;
				GCC_WARN_UNDECLARED_SELECTOR = YES;
				GCC_WARN_UNINITIALIZED_AUTOS = YES_AGGRESSIVE;
				GCC_WARN_UNUSED_FUNCTION = YES;
				GCC_WARN_UNUSED_VARIABLE = YES;
				IPHONEOS_DEPLOYMENT_TARGET = 10.1;
				MTL_ENABLE_DEBUG_INFO = NO;
				SDKROOT = iphoneos;
				VALIDATE_PRODUCT = YES;
			};
			name = Release;
		};
		8DEDCBE71DE3CCF000742AF7 /* Debug */ = {
			isa = XCBuildConfiguration;
			buildSettings = {
				ASSETCATALOG_COMPILER_APPICON_NAME = AppIcon;
				INFOPLIST_FILE = "归档/Info.plist";
				LD_RUNPATH_SEARCH_PATHS = "$(inherited) @executable_path/Frameworks";
				PRODUCT_BUNDLE_IDENTIFIER = "object.--";
				PRODUCT_NAME = "$(TARGET_NAME)";
			};
			name = Debug;
		};
		8DEDCBE81DE3CCF000742AF7 /* Release */ = {
			isa = XCBuildConfiguration;
			buildSettings = {
				ASSETCATALOG_COMPILER_APPICON_NAME = AppIcon;
				INFOPLIST_FILE = "归档/Info.plist";
				LD_RUNPATH_SEARCH_PATHS = "$(inherited) @executable_path/Frameworks";
				PRODUCT_BUNDLE_IDENTIFIER = "object.--";
				PRODUCT_NAME = "$(TARGET_NAME)";
			};
			name = Release;
		};
		8DEDCBEA1DE3CCF000742AF7 /* Debug */ = {
			isa = XCBuildConfiguration;
			buildSettings = {
				BUNDLE_LOADER = "$(TEST_HOST)";
				INFOPLIST_FILE = "归档Tests/Info.plist";
				LD_RUNPATH_SEARCH_PATHS = "$(inherited) @executable_path/Frameworks @loader_path/Frameworks";
				PRODUCT_BUNDLE_IDENTIFIER = "object.--Tests";
				PRODUCT_NAME = "$(TARGET_NAME)";
				TEST_HOST = "$(BUILT_PRODUCTS_DIR)/归档.app/归档";
			};
			name = Debug;
		};
		8DEDCBEB1DE3CCF000742AF7 /* Release */ = {
			isa = XCBuildConfiguration;
			buildSettings = {
				BUNDLE_LOADER = "$(TEST_HOST)";
				INFOPLIST_FILE = "归档Tests/Info.plist";
				LD_RUNPATH_SEARCH_PATHS = "$(inherited) @executable_path/Frameworks @loader_path/Frameworks";
				PRODUCT_BUNDLE_IDENTIFIER = "object.--Tests";
				PRODUCT_NAME = "$(TARGET_NAME)";
				TEST_HOST = "$(BUILT_PRODUCTS_DIR)/归档.app/归档";
			};
			name = Release;
		};
		8DEDCBED1DE3CCF000742AF7 /* Debug */ = {
			isa = XCBuildConfiguration;
			buildSettings = {
				INFOPLIST_FILE = "归档UITests/Info.plist";
				LD_RUNPATH_SEARCH_PATHS = "$(inherited) @executable_path/Frameworks @loader_path/Frameworks";
				PRODUCT_BUNDLE_IDENTIFIER = "object.--UITests";
				PRODUCT_NAME = "$(TARGET_NAME)";
				TEST_TARGET_NAME = "归档";
			};
			name = Debug;
		};
		8DEDCBEE1DE3CCF000742AF7 /* Release */ = {
			isa = XCBuildConfiguration;
			buildSettings = {
				INFOPLIST_FILE = "归档UITests/Info.plist";
				LD_RUNPATH_SEARCH_PATHS = "$(inherited) @executable_path/Frameworks @loader_path/Frameworks";
				PRODUCT_BUNDLE_IDENTIFIER = "object.--UITests";
				PRODUCT_NAME = "$(TARGET_NAME)";
				TEST_TARGET_NAME = "归档";
			};
			name = Release;
		};
/* End XCBuildConfiguration section */

/* Begin XCConfigurationList section */
		8DEDCBB41DE3CCF000742AF7 /* Build configuration list for PBXProject "归档" */ = {
			isa = XCConfigurationList;
			buildConfigurations = (
				8DEDCBE41DE3CCF000742AF7 /* Debug */,
				8DEDCBE51DE3CCF000742AF7 /* Release */,
			);
			defaultConfigurationIsVisible = 0;
			defaultConfigurationName = Release;
		};
		8DEDCBE61DE3CCF000742AF7 /* Build configuration list for PBXNativeTarget "归档" */ = {
			isa = XCConfigurationList;
			buildConfigurations = (
				8DEDCBE71DE3CCF000742AF7 /* Debug */,
				8DEDCBE81DE3CCF000742AF7 /* Release */,
			);
			defaultConfigurationIsVisible = 0;
		};
		8DEDCBE91DE3CCF000742AF7 /* Build configuration list for PBXNativeTarget "归档Tests" */ = {
			isa = XCConfigurationList;
			buildConfigurations = (
				8DEDCBEA1DE3CCF000742AF7 /* Debug */,
				8DEDCBEB1DE3CCF000742AF7 /* Release */,
			);
			defaultConfigurationIsVisible = 0;
		};
		8DEDCBEC1DE3CCF000742AF7 /* Build configuration list for PBXNativeTarget "归档UITests" */ = {
			isa = XCConfigurationList;
			buildConfigurations = (
				8DEDCBED1DE3CCF000742AF7 /* Debug */,
				8DEDCBEE1DE3CCF000742AF7 /* Release */,
			);
			defaultConfigurationIsVisible = 0;
		};
/* End XCConfigurationList section */
	};
	rootObject = 8DEDCBB11DE3CCF000742AF7 /* Project object */;
}
